// !$*UTF8*$!
{
	archiveVersion = 1;
	classes = {
	};
	objectVersion = 56;
	objects = {

/* Begin PBXBuildFile section */
		2A541B292962ADAF000D2FEF /* AppDelegate.swift in Sources */ = {isa = PBXBuildFile; fileRef = 2A541B282962ADAF000D2FEF /* AppDelegate.swift */; };
		2A541B2B2962ADAF000D2FEF /* SceneDelegate.swift in Sources */ = {isa = PBXBuildFile; fileRef = 2A541B2A2962ADAF000D2FEF /* SceneDelegate.swift */; };
		2A541B2D2962ADAF000D2FEF /* ViewController.swift in Sources */ = {isa = PBXBuildFile; fileRef = 2A541B2C2962ADAF000D2FEF /* ViewController.swift */; };
		2A541B302962ADAF000D2FEF /* Main.storyboard in Resources */ = {isa = PBXBuildFile; fileRef = 2A541B2E2962ADAF000D2FEF /* Main.storyboard */; };
		2A541B322962ADB0000D2FEF /* Assets.xcassets in Resources */ = {isa = PBXBuildFile; fileRef = 2A541B312962ADB0000D2FEF /* Assets.xcassets */; };
		2A541B352962ADB0000D2FEF /* LaunchScreen.storyboard in Resources */ = {isa = PBXBuildFile; fileRef = 2A541B332962ADB0000D2FEF /* LaunchScreen.storyboard */; };
		2A541B432962ADCD000D2FEF /* KeyboardViewController.swift in Sources */ = {isa = PBXBuildFile; fileRef = 2A541B422962ADCD000D2FEF /* KeyboardViewController.swift */; };
		2A541B472962ADCD000D2FEF /* CEmoji.appex in Embed Foundation Extensions */ = {isa = PBXBuildFile; fileRef = 2A541B402962ADCD000D2FEF /* CEmoji.appex */; settings = {ATTRIBUTES = (RemoveHeadersOnCopy, ); }; };
/* End PBXBuildFile section */

/* Begin PBXContainerItemProxy section */
		2A541B452962ADCD000D2FEF /* PBXContainerItemProxy */ = {
			isa = PBXContainerItemProxy;
			containerPortal = 2A541B1D2962ADAF000D2FEF /* Project object */;
			proxyType = 1;
			remoteGlobalIDString = 2A541B3F2962ADCD000D2FEF;
			remoteInfo = CEmoji;
		};
/* End PBXContainerItemProxy section */

/* Begin PBXCopyFilesBuildPhase section */
		2A541B4B2962ADCD000D2FEF /* Embed Foundation Extensions */ = {
			isa = PBXCopyFilesBuildPhase;
			buildActionMask = 2147483647;
			dstPath = "";
			dstSubfolderSpec = 13;
			files = (
				2A541B472962ADCD000D2FEF /* CEmoji.appex in Embed Foundation Extensions */,
			);
			name = "Embed Foundation Extensions";
			runOnlyForDeploymentPostprocessing = 0;
		};
/* End PBXCopyFilesBuildPhase section */

/* Begin PBXFileReference section */
		2A541B252962ADAF000D2FEF /* EmojiCKeyboard.app */ = {isa = PBXFileReference; explicitFileType = wrapper.application; includeInIndex = 0; path = EmojiCKeyboard.app; sourceTree = BUILT_PRODUCTS_DIR; };
		2A541B282962ADAF000D2FEF /* AppDelegate.swift */ = {isa = PBXFileReference; lastKnownFileType = sourcecode.swift; path = AppDelegate.swift; sourceTree = "<group>"; };
		2A541B2A2962ADAF000D2FEF /* SceneDelegate.swift */ = {isa = PBXFileReference; lastKnownFileType = sourcecode.swift; path = SceneDelegate.swift; sourceTree = "<group>"; };
		2A541B2C2962ADAF000D2FEF /* ViewController.swift */ = {isa = PBXFileReference; lastKnownFileType = sourcecode.swift; path = ViewController.swift; sourceTree = "<group>"; };
		2A541B2F2962ADAF000D2FEF /* Base */ = {isa = PBXFileReference; lastKnownFileType = file.storyboard; name = Base; path = Base.lproj/Main.storyboard; sourceTree = "<group>"; };
		2A541B312962ADB0000D2FEF /* Assets.xcassets */ = {isa = PBXFileReference; lastKnownFileType = folder.assetcatalog; path = Assets.xcassets; sourceTree = "<group>"; };
		2A541B342962ADB0000D2FEF /* Base */ = {isa = PBXFileReference; lastKnownFileType = file.storyboard; name = Base; path = Base.lproj/LaunchScreen.storyboard; sourceTree = "<group>"; };
		2A541B362962ADB0000D2FEF /* Info.plist */ = {isa = PBXFileReference; lastKnownFileType = text.plist.xml; path = Info.plist; sourceTree = "<group>"; };
		2A541B402962ADCD000D2FEF /* CEmoji.appex */ = {isa = PBXFileReference; explicitFileType = "wrapper.app-extension"; includeInIndex = 0; path = CEmoji.appex; sourceTree = BUILT_PRODUCTS_DIR; };
		2A541B422962ADCD000D2FEF /* KeyboardViewController.swift */ = {isa = PBXFileReference; lastKnownFileType = sourcecode.swift; path = KeyboardViewController.swift; sourceTree = "<group>"; };
		2A541B442962ADCD000D2FEF /* Info.plist */ = {isa = PBXFileReference; lastKnownFileType = text.plist.xml; path = Info.plist; sourceTree = "<group>"; };
/* End PBXFileReference section */

/* Begin PBXFrameworksBuildPhase section */
		2A541B222962ADAF000D2FEF /* Frameworks */ = {
			isa = PBXFrameworksBuildPhase;
			buildActionMask = 2147483647;
			files = (
			);
			runOnlyForDeploymentPostprocessing = 0;
		};
		2A541B3D2962ADCD000D2FEF /* Frameworks */ = {
			isa = PBXFrameworksBuildPhase;
			buildActionMask = 2147483647;
			files = (
			);
			runOnlyForDeploymentPostprocessing = 0;
		};
/* End PBXFrameworksBuildPhase section */

/* Begin PBXGroup section */
		2A541B1C2962ADAF000D2FEF = {
			isa = PBXGroup;
			children = (
				2A541B272962ADAF000D2FEF /* EmojiCKeyboard */,
				2A541B412962ADCD000D2FEF /* CEmoji */,
				2A541B262962ADAF000D2FEF /* Products */,
			);
			sourceTree = "<group>";
		};
		2A541B262962ADAF000D2FEF /* Products */ = {
			isa = PBXGroup;
			children = (
				2A541B252962ADAF000D2FEF /* EmojiCKeyboard.app */,
				2A541B402962ADCD000D2FEF /* CEmoji.appex */,
			);
			name = Products;
			sourceTree = "<group>";
		};
		2A541B272962ADAF000D2FEF /* EmojiCKeyboard */ = {
			isa = PBXGroup;
			children = (
				2A541B282962ADAF000D2FEF /* AppDelegate.swift */,
				2A541B2A2962ADAF000D2FEF /* SceneDelegate.swift */,
				2A541B2C2962ADAF000D2FEF /* ViewController.swift */,
				2A541B2E2962ADAF000D2FEF /* Main.storyboard */,
				2A541B312962ADB0000D2FEF /* Assets.xcassets */,
				2A541B332962ADB0000D2FEF /* LaunchScreen.storyboard */,
				2A541B362962ADB0000D2FEF /* Info.plist */,
			);
			path = EmojiCKeyboard;
			sourceTree = "<group>";
		};
		2A541B412962ADCD000D2FEF /* CEmoji */ = {
			isa = PBXGroup;
			children = (
				2A541B422962ADCD000D2FEF /* KeyboardViewController.swift */,
				2A541B442962ADCD000D2FEF /* Info.plist */,
			);
			path = CEmoji;
			sourceTree = "<group>";
		};
/* End PBXGroup section */

/* Begin PBXNativeTarget section */
		2A541B242962ADAF000D2FEF /* EmojiCKeyboard */ = {
			isa = PBXNativeTarget;
			buildConfigurationList = 2A541B392962ADB0000D2FEF /* Build configuration list for PBXNativeTarget "EmojiCKeyboard" */;
			buildPhases = (
				2A541B212962ADAF000D2FEF /* Sources */,
				2A541B222962ADAF000D2FEF /* Frameworks */,
				2A541B232962ADAF000D2FEF /* Resources */,
				2A541B4B2962ADCD000D2FEF /* Embed Foundation Extensions */,
			);
			buildRules = (
			);
			dependencies = (
				2A541B462962ADCD000D2FEF /* PBXTargetDependency */,
			);
			name = EmojiCKeyboard;
			productName = EmojiCKeyboard;
			productReference = 2A541B252962ADAF000D2FEF /* EmojiCKeyboard.app */;
			productType = "com.apple.product-type.application";
		};
		2A541B3F2962ADCD000D2FEF /* CEmoji */ = {
			isa = PBXNativeTarget;
			buildConfigurationList = 2A541B482962ADCD000D2FEF /* Build configuration list for PBXNativeTarget "CEmoji" */;
			buildPhases = (
				2A541B3C2962ADCD000D2FEF /* Sources */,
				2A541B3D2962ADCD000D2FEF /* Frameworks */,
				2A541B3E2962ADCD000D2FEF /* Resources */,
			);
			buildRules = (
			);
			dependencies = (
			);
			name = CEmoji;
			productName = CEmoji;
			productReference = 2A541B402962ADCD000D2FEF /* CEmoji.appex */;
			productType = "com.apple.product-type.app-extension";
		};
/* End PBXNativeTarget section */

/* Begin PBXProject section */
		2A541B1D2962ADAF000D2FEF /* Project object */ = {
			isa = PBXProject;
			attributes = {
				BuildIndependentTargetsInParallel = 1;
				LastSwiftUpdateCheck = 1420;
				LastUpgradeCheck = 1420;
				TargetAttributes = {
					2A541B242962ADAF000D2FEF = {
						CreatedOnToolsVersion = 14.2;
					};
					2A541B3F2962ADCD000D2FEF = {
						CreatedOnToolsVersion = 14.2;
					};
				};
			};
			buildConfigurationList = 2A541B202962ADAF000D2FEF /* Build configuration list for PBXProject "EmojiCKeyboard" */;
			compatibilityVersion = "Xcode 14.0";
			developmentRegion = en;
			hasScannedForEncodings = 0;
			knownRegions = (
				en,
				Base,
			);
			mainGroup = 2A541B1C2962ADAF000D2FEF;
			productRefGroup = 2A541B262962ADAF000D2FEF /* Products */;
			projectDirPath = "";
			projectRoot = "";
			targets = (
				2A541B242962ADAF000D2FEF /* EmojiCKeyboard */,
				2A541B3F2962ADCD000D2FEF /* CEmoji */,
			);
		};
/* End PBXProject section */

/* Begin PBXResourcesBuildPhase section */
		2A541B232962ADAF000D2FEF /* Resources */ = {
			isa = PBXResourcesBuildPhase;
			buildActionMask = 2147483647;
			files = (
				2A541B352962ADB0000D2FEF /* LaunchScreen.storyboard in Resources */,
				2A541B322962ADB0000D2FEF /* Assets.xcassets in Resources */,
				2A541B302962ADAF000D2FEF /* Main.storyboard in Resources */,
			);
			runOnlyForDeploymentPostprocessing = 0;
		};
		2A541B3E2962ADCD000D2FEF /* Resources */ = {
			isa = PBXResourcesBuildPhase;
			buildActionMask = 2147483647;
			files = (
			);
			runOnlyForDeploymentPostprocessing = 0;
		};
/* End PBXResourcesBuildPhase section */

/* Begin PBXSourcesBuildPhase section */
		2A541B212962ADAF000D2FEF /* Sources */ = {
			isa = PBXSourcesBuildPhase;
			buildActionMask = 2147483647;
			files = (
				2A541B2D2962ADAF000D2FEF /* ViewController.swift in Sources */,
				2A541B292962ADAF000D2FEF /* AppDelegate.swift in Sources */,
				2A541B2B2962ADAF000D2FEF /* SceneDelegate.swift in Sources */,
			);
			runOnlyForDeploymentPostprocessing = 0;
		};
		2A541B3C2962ADCD000D2FEF /* Sources */ = {
			isa = PBXSourcesBuildPhase;
			buildActionMask = 2147483647;
			files = (
				2A541B432962ADCD000D2FEF /* KeyboardViewController.swift in Sources */,
			);
			runOnlyForDeploymentPostprocessing = 0;
		};
/* End PBXSourcesBuildPhase section */

/* Begin PBXTargetDependency section */
		2A541B462962ADCD000D2FEF /* PBXTargetDependency */ = {
			isa = PBXTargetDependency;
			target = 2A541B3F2962ADCD000D2FEF /* CEmoji */;
			targetProxy = 2A541B452962ADCD000D2FEF /* PBXContainerItemProxy */;
		};
/* End PBXTargetDependency section */

/* Begin PBXVariantGroup section */
		2A541B2E2962ADAF000D2FEF /* Main.storyboard */ = {
			isa = PBXVariantGroup;
			children = (
				2A541B2F2962ADAF000D2FEF /* Base */,
			);
			name = Main.storyboard;
			sourceTree = "<group>";
		};
		2A541B332962ADB0000D2FEF /* LaunchScreen.storyboard */ = {
			isa = PBXVariantGroup;
			children = (
				2A541B342962ADB0000D2FEF /* Base */,
			);
			name = LaunchScreen.storyboard;
			sourceTree = "<group>";
		};
/* End PBXVariantGroup section */

/* Begin XCBuildConfiguration section */
		2A541B372962ADB0000D2FEF /* Debug */ = {
			isa = XCBuildConfiguration;
			buildSettings = {
				ALWAYS_SEARCH_USER_PATHS = NO;
				CLANG_ANALYZER_NONNULL = YES;
				CLANG_ANALYZER_NUMBER_OBJECT_CONVERSION = YES_AGGRESSIVE;
				CLANG_CXX_LANGUAGE_STANDARD = "gnu++20";
				CLANG_ENABLE_MODULES = YES;
				CLANG_ENABLE_OBJC_ARC = YES;
				CLANG_ENABLE_OBJC_WEAK = YES;
				CLANG_WARN_BLOCK_CAPTURE_AUTORELEASING = YES;
				CLANG_WARN_BOOL_CONVERSION = YES;
				CLANG_WARN_COMMA = YES;
				CLANG_WARN_CONSTANT_CONVERSION = YES;
				CLANG_WARN_DEPRECATED_OBJC_IMPLEMENTATIONS = YES;
				CLANG_WARN_DIRECT_OBJC_ISA_USAGE = YES_ERROR;
				CLANG_WARN_DOCUMENTATION_COMMENTS = YES;
				CLANG_WARN_EMPTY_BODY = YES;
				CLANG_WARN_ENUM_CONVERSION = YES;
				CLANG_WARN_INFINITE_RECURSION = YES;
				CLANG_WARN_INT_CONVERSION = YES;
				CLANG_WARN_NON_LITERAL_NULL_CONVERSION = YES;
				CLANG_WARN_OBJC_IMPLICIT_RETAIN_SELF = YES;
				CLANG_WARN_OBJC_LITERAL_CONVERSION = YES;
				CLANG_WARN_OBJC_ROOT_CLASS = YES_ERROR;
				CLANG_WARN_QUOTED_INCLUDE_IN_FRAMEWORK_HEADER = YES;
				CLANG_WARN_RANGE_LOOP_ANALYSIS = YES;
				CLANG_WARN_STRICT_PROTOTYPES = YES;
				CLANG_WARN_SUSPICIOUS_MOVE = YES;
				CLANG_WARN_UNGUARDED_AVAILABILITY = YES_AGGRESSIVE;
				CLANG_WARN_UNREACHABLE_CODE = YES;
				CLANG_WARN__DUPLICATE_METHOD_MATCH = YES;
				COPY_PHASE_STRIP = NO;
				DEBUG_INFORMATION_FORMAT = dwarf;
				ENABLE_STRICT_OBJC_MSGSEND = YES;
				ENABLE_TESTABILITY = YES;
				GCC_C_LANGUAGE_STANDARD = gnu11;
				GCC_DYNAMIC_NO_PIC = NO;
				GCC_NO_COMMON_BLOCKS = YES;
				GCC_OPTIMIZATION_LEVEL = 0;
				GCC_PREPROCESSOR_DEFINITIONS = (
					"DEBUG=1",
					"$(inherited)",
				);
				GCC_WARN_64_TO_32_BIT_CONVERSION = YES;
				GCC_WARN_ABOUT_RETURN_TYPE = YES_ERROR;
				GCC_WARN_UNDECLARED_SELECTOR = YES;
				GCC_WARN_UNINITIALIZED_AUTOS = YES_AGGRESSIVE;
				GCC_WARN_UNUSED_FUNCTION = YES;
				GCC_WARN_UNUSED_VARIABLE = YES;
				IPHONEOS_DEPLOYMENT_TARGET = 16.2;
				MTL_ENABLE_DEBUG_INFO = INCLUDE_SOURCE;
				MTL_FAST_MATH = YES;
				ONLY_ACTIVE_ARCH = YES;
				SDKROOT = iphoneos;
				SWIFT_ACTIVE_COMPILATION_CONDITIONS = DEBUG;
				SWIFT_OPTIMIZATION_LEVEL = "-Onone";
			};
			name = Debug;
		};
		2A541B382962ADB0000D2FEF /* Release */ = {
			isa = XCBuildConfiguration;
			buildSettings = {
				ALWAYS_SEARCH_USER_PATHS = NO;
				CLANG_ANALYZER_NONNULL = YES;
				CLANG_ANALYZER_NUMBER_OBJECT_CONVERSION = YES_AGGRESSIVE;
				CLANG_CXX_LANGUAGE_STANDARD = "gnu++20";
				CLANG_ENABLE_MODULES = YES;
				CLANG_ENABLE_OBJC_ARC = YES;
				CLANG_ENABLE_OBJC_WEAK = YES;
				CLANG_WARN_BLOCK_CAPTURE_AUTORELEASING = YES;
				CLANG_WARN_BOOL_CONVERSION = YES;
				CLANG_WARN_COMMA = YES;
				CLANG_WARN_CONSTANT_CONVERSION = YES;
				CLANG_WARN_DEPRECATED_OBJC_IMPLEMENTATIONS = YES;
				CLANG_WARN_DIRECT_OBJC_ISA_USAGE = YES_ERROR;
				CLANG_WARN_DOCUMENTATION_COMMENTS = YES;
				CLANG_WARN_EMPTY_BODY = YES;
				CLANG_WARN_ENUM_CONVERSION = YES;
				CLANG_WARN_INFINITE_RECURSION = YES;
				CLANG_WARN_INT_CONVERSION = YES;
				CLANG_WARN_NON_LITERAL_NULL_CONVERSION = YES;
				CLANG_WARN_OBJC_IMPLICIT_RETAIN_SELF = YES;
				CLANG_WARN_OBJC_LITERAL_CONVERSION = YES;
				CLANG_WARN_OBJC_ROOT_CLASS = YES_ERROR;
				CLANG_WARN_QUOTED_INCLUDE_IN_FRAMEWORK_HEADER = YES;
				CLANG_WARN_RANGE_LOOP_ANALYSIS = YES;
				CLANG_WARN_STRICT_PROTOTYPES = YES;
				CLANG_WARN_SUSPICIOUS_MOVE = YES;
				CLANG_WARN_UNGUARDED_AVAILABILITY = YES_AGGRESSIVE;
				CLANG_WARN_UNREACHABLE_CODE = YES;
				CLANG_WARN__DUPLICATE_METHOD_MATCH = YES;
				COPY_PHASE_STRIP = NO;
				DEBUG_INFORMATION_FORMAT = "dwarf-with-dsym";
				ENABLE_NS_ASSERTIONS = NO;
				ENABLE_STRICT_OBJC_MSGSEND = YES;
				GCC_C_LANGUAGE_STANDARD = gnu11;
				GCC_NO_COMMON_BLOCKS = YES;
				GCC_WARN_64_TO_32_BIT_CONVERSION = YES;
				GCC_WARN_ABOUT_RETURN_TYPE = YES_ERROR;
				GCC_WARN_UNDECLARED_SELECTOR = YES;
				GCC_WARN_UNINITIALIZED_AUTOS = YES_AGGRESSIVE;
				GCC_WARN_UNUSED_FUNCTION = YES;
				GCC_WARN_UNUSED_VARIABLE = YES;
				IPHONEOS_DEPLOYMENT_TARGET = 16.2;
				MTL_ENABLE_DEBUG_INFO = NO;
				MTL_FAST_MATH = YES;
				SDKROOT = iphoneos;
				SWIFT_COMPILATION_MODE = wholemodule;
				SWIFT_OPTIMIZATION_LEVEL = "-O";
				VALIDATE_PRODUCT = YES;
			};
			name = Release;
		};
		2A541B3A2962ADB0000D2FEF /* Debug */ = {
			isa = XCBuildConfiguration;
			buildSettings = {
				ALWAYS_EMBED_SWIFT_STANDARD_LIBRARIES = YES;
				ASSETCATALOG_COMPILER_APPICON_NAME = AppIcon;
				ASSETCATALOG_COMPILER_GLOBAL_ACCENT_COLOR_NAME = AccentColor;
				CODE_SIGN_STYLE = Automatic;
				CURRENT_PROJECT_VERSION = 1;
				GENERATE_INFOPLIST_FILE = YES;
				INFOPLIST_FILE = EmojiCKeyboard/Info.plist;
				INFOPLIST_KEY_UIApplicationSupportsIndirectInputEvents = YES;
				INFOPLIST_KEY_UILaunchStoryboardName = LaunchScreen;
				INFOPLIST_KEY_UIMainStoryboardFile = Main;
				INFOPLIST_KEY_UISupportedInterfaceOrientations_iPad = "UIInterfaceOrientationPortrait UIInterfaceOrientationPortraitUpsideDown UIInterfaceOrientationLandscapeLeft UIInterfaceOrientationLandscapeRight";
				INFOPLIST_KEY_UISupportedInterfaceOrientations_iPhone = "UIInterfaceOrientationPortrait UIInterfaceOrientationLandscapeLeft UIInterfaceOrientationLandscapeRight";
				LD_RUNPATH_SEARCH_PATHS = (
					"$(inherited)",
					"@executable_path/Frameworks",
				);
				MARKETING_VERSION = 1.0;
				PRODUCT_BUNDLE_IDENTIFIER = emojic.EmojiCKeyboard;
				PRODUCT_NAME = "$(TARGET_NAME)";
				SWIFT_EMIT_LOC_STRINGS = YES;
				SWIFT_VERSION = 5.0;
				TARGETED_DEVICE_FAMILY = "1,2";
			};
			name = Debug;
		};
		2A541B3B2962ADB0000D2FEF /* Release */ = {
			isa = XCBuildConfiguration;
			buildSettings = {
				ALWAYS_EMBED_SWIFT_STANDARD_LIBRARIES = YES;
				ASSETCATALOG_COMPILER_APPICON_NAME = AppIcon;
				ASSETCATALOG_COMPILER_GLOBAL_ACCENT_COLOR_NAME = AccentColor;
				CODE_SIGN_STYLE = Automatic;
				CURRENT_PROJECT_VERSION = 1;
				GENERATE_INFOPLIST_FILE = YES;
				INFOPLIST_FILE = EmojiCKeyboard/Info.plist;
				INFOPLIST_KEY_UIApplicationSupportsIndirectInputEvents = YES;
				INFOPLIST_KEY_UILaunchStoryboardName = LaunchScreen;
				INFOPLIST_KEY_UIMainStoryboardFile = Main;
				INFOPLIST_KEY_UISupportedInterfaceOrientations_iPad = "UIInterfaceOrientationPortrait UIInterfaceOrientationPortraitUpsideDown UIInterfaceOrientationLandscapeLeft UIInterfaceOrientationLandscapeRight";
				INFOPLIST_KEY_UISupportedInterfaceOrientations_iPhone = "UIInterfaceOrientationPortrait UIInterfaceOrientationLandscapeLeft UIInterfaceOrientationLandscapeRight";
				LD_RUNPATH_SEARCH_PATHS = (
					"$(inherited)",
					"@executable_path/Frameworks",
				);
				MARKETING_VERSION = 1.0;
				PRODUCT_BUNDLE_IDENTIFIER = emojic.EmojiCKeyboard;
				PRODUCT_NAME = "$(TARGET_NAME)";
				SWIFT_EMIT_LOC_STRINGS = YES;
				SWIFT_VERSION = 5.0;
				TARGETED_DEVICE_FAMILY = "1,2";
			};
			name = Release;
		};
		2A541B492962ADCD000D2FEF /* Debug */ = {
			isa = XCBuildConfiguration;
			buildSettings = {
				CODE_SIGN_STYLE = Automatic;
				CURRENT_PROJECT_VERSION = 1;
				GENERATE_INFOPLIST_FILE = YES;
				INFOPLIST_FILE = CEmoji/Info.plist;
				INFOPLIST_KEY_CFBundleDisplayName = CEmoji;
				INFOPLIST_KEY_NSHumanReadableCopyright = "";
				LD_RUNPATH_SEARCH_PATHS = (
					"$(inherited)",
					"@executable_path/Frameworks",
					"@executable_path/../../Frameworks",
				);
				MARKETING_VERSION = 1.0;
				PRODUCT_BUNDLE_IDENTIFIER = emojic.EmojiCKeyboard.CEmoji;
				PRODUCT_NAME = "$(TARGET_NAME)";
				SKIP_INSTALL = YES;
				SWIFT_EMIT_LOC_STRINGS = YES;
				SWIFT_VERSION = 5.0;
				TARGETED_DEVICE_FAMILY = "1,2";
			};
			name = Debug;
		};
		2A541B4A2962ADCD000D2FEF /* Release */ = {
			isa = XCBuildConfiguration;
			buildSettings = {
				CODE_SIGN_STYLE = Automatic;
				CURRENT_PROJECT_VERSION = 1;
				GENERATE_INFOPLIST_FILE = YES;
				INFOPLIST_FILE = CEmoji/Info.plist;
				INFOPLIST_KEY_CFBundleDisplayName = CEmoji;
				INFOPLIST_KEY_NSHumanReadableCopyright = "";
				LD_RUNPATH_SEARCH_PATHS = (
					"$(inherited)",
					"@executable_path/Frameworks",
					"@executable_path/../../Frameworks",
				);
				MARKETING_VERSION = 1.0;
				PRODUCT_BUNDLE_IDENTIFIER = emojic.EmojiCKeyboard.CEmoji;
				PRODUCT_NAME = "$(TARGET_NAME)";
				SKIP_INSTALL = YES;
				SWIFT_EMIT_LOC_STRINGS = YES;
				SWIFT_VERSION = 5.0;
				TARGETED_DEVICE_FAMILY = "1,2";
			};
			name = Release;
		};
/* End XCBuildConfiguration section */

/* Begin XCConfigurationList section */
		2A541B202962ADAF000D2FEF /* Build configuration list for PBXProject "EmojiCKeyboard" */ = {
			isa = XCConfigurationList;
			buildConfigurations = (
				2A541B372962ADB0000D2FEF /* Debug */,
				2A541B382962ADB0000D2FEF /* Release */,
			);
			defaultConfigurationIsVisible = 0;
			defaultConfigurationName = Release;
		};
		2A541B392962ADB0000D2FEF /* Build configuration list for PBXNativeTarget "EmojiCKeyboard" */ = {
			isa = XCConfigurationList;
			buildConfigurations = (
				2A541B3A2962ADB0000D2FEF /* Debug */,
				2A541B3B2962ADB0000D2FEF /* Release */,
			);
			defaultConfigurationIsVisible = 0;
			defaultConfigurationName = Release;
		};
		2A541B482962ADCD000D2FEF /* Build configuration list for PBXNativeTarget "CEmoji" */ = {
			isa = XCConfigurationList;
			buildConfigurations = (
				2A541B492962ADCD000D2FEF /* Debug */,
				2A541B4A2962ADCD000D2FEF /* Release */,
			);
			defaultConfigurationIsVisible = 0;
			defaultConfigurationName = Release;
		};
/* End XCConfigurationList section */
	};
	rootObject = 2A541B1D2962ADAF000D2FEF /* Project object */;
}
